
Microsoft Visual Studio Solution File, Format Version 12.00
# Visual Studio Version 17
VisualStudioVersion = 17.3.32901.215
MinimumVisualStudioVersion = 10.0.40219.1
Project("{FAE04EC0-301F-11D3-BF4B-00C04F79EFBC}") = "github-dark-theme", "github-theme\github-dark-theme.csproj", "{5540F565-5B36-46CE-819E-5FD7DF4BFB93}"
EndProject
Global
	GlobalSection(SolutionConfigurationPlatforms) = preSolution
		Debug|Any CPU = Debug|Any CPU
		Debug|x86 = Debug|x86
		Release|Any CPU = Release|Any CPU
		Release|x86 = Release|x86
	EndGlobalSection
	GlobalSection(ProjectConfigurationPlatforms) = postSolution
		{5540F565-5B36-46CE-819E-5FD7DF4BFB93}.Debug|Any CPU.ActiveCfg = Debug|Any CPU
		{5540F565-5B36-46CE-819E-5FD7DF4BFB93}.Debug|Any CPU.Build.0 = Debug|Any CPU
		{5540F565-5B36-46CE-819E-5FD7DF4BFB93}.Debug|x86.ActiveCfg = Debug|x86
		{5540F565-5B36-46CE-819E-5FD7DF4BFB93}.Debug|x86.Build.0 = Debug|x86
		{5540F565-5B36-46CE-819E-5FD7DF4BFB93}.Release|Any CPU.ActiveCfg = Release|Any CPU
		{5540F565-5B36-46CE-819E-5FD7DF4BFB93}.Release|Any CPU.Build.0 = Release|Any CPU
		{5540F565-5B36-46CE-819E-5FD7DF4BFB93}.Release|x86.ActiveCfg = Release|x86
		{5540F565-5B36-46CE-819E-5FD7DF4BFB93}.Release|x86.Build.0 = Release|x86
	EndGlobalSection
	GlobalSection(SolutionProperties) = preSolution
		HideSolutionNode = FALSE
	EndGlobalSection
	GlobalSection(ExtensibilityGlobals) = postSolution
		SolutionGuid = {4748F2D5-1A59-445E-8F68-41C181C936D9}
	EndGlobalSection
EndGlobal
